
Microsoft Visual Studio Solution File, Format Version 12.00
# Visual Studio Version 17
VisualStudioVersion = 17.11.35208.52
MinimumVisualStudioVersion = 10.0.40219.1
Project("{9A19103F-16F7-4668-BE54-9A1E7A4F7556}") = "Demo", "Demo\Demo.csproj", "{CA346D00-80A2-4FB6-AFA2-92A969E5E3EE}"
EndProject
Global
	GlobalSection(SolutionConfigurationPlatforms) = preSolution
		Debug|Any CPU = Debug|Any CPU
		Release|Any CPU = Release|Any CPU
	EndGlobalSection
	GlobalSection(ProjectConfigurationPlatforms) = postSolution
		{CA346D00-80A2-4FB6-AFA2-92A969E5E3EE}.Debug|Any CPU.ActiveCfg = Debug|Any CPU
		{CA346D00-80A2-4FB6-AFA2-92A969E5E3EE}.Debug|Any CPU.Build.0 = Debug|Any CPU
		{CA346D00-80A2-4FB6-AFA2-92A969E5E3EE}.Release|Any CPU.ActiveCfg = Release|Any CPU
		{CA346D00-80A2-4FB6-AFA2-92A969E5E3EE}.Release|Any CPU.Build.0 = Release|Any CPU
	EndGlobalSection
	GlobalSection(SolutionProperties) = preSolution
		HideSolutionNode = FALSE
	EndGlobalSection
	GlobalSection(ExtensibilityGlobals) = postSolution
		SolutionGuid = {3B93A0A0-7C8B-47FA-A64C-52D7188C8003}
	EndGlobalSection
EndGlobal
